// !$*UTF8*$!
{
	archiveVersion = 1;
	classes = {
	};
	objectVersion = 54;
	objects = {

/* Begin PBXBuildFile section */
		E930116720035D9B00E454A6 /* ACBRadialCollectionView.framework in Frameworks */ = {isa = PBXBuildFile; fileRef = E930115E20035D9B00E454A6 /* ACBRadialCollectionView.framework */; };
		E930116E20035D9B00E454A6 /* ACBRadialCollectionViewFrameworkTests.m in Sources */ = {isa = PBXBuildFile; fileRef = E930116D20035D9B00E454A6 /* ACBRadialCollectionViewFrameworkTests.m */; };
		E930117020035D9B00E454A6 /* ACBRadialCollectionViewFramework.h in Headers */ = {isa = PBXBuildFile; fileRef = E930116020035D9B00E454A6 /* ACBRadialCollectionViewFramework.h */; settings = {ATTRIBUTES = (Public, ); }; };
		E930117320035D9B00E454A6 /* ACBRadialCollectionView.framework in Frameworks */ = {isa = PBXBuildFile; fileRef = E930115E20035D9B00E454A6 /* ACBRadialCollectionView.framework */; };
		E930117520035D9B00E454A6 /* ACBRadialCollectionView.framework in Embed Frameworks */ = {isa = PBXBuildFile; fileRef = E930115E20035D9B00E454A6 /* ACBRadialCollectionView.framework */; settings = {ATTRIBUTES = (CodeSignOnCopy, RemoveHeadersOnCopy, ); }; };
		E93011912003661B00E454A6 /* ACBRadialCollectionViewLayout.swift in Sources */ = {isa = PBXBuildFile; fileRef = E930118A2003661B00E454A6 /* ACBRadialCollectionViewLayout.swift */; };
		E93011922003661B00E454A6 /* ACBRadialScrollBar.swift in Sources */ = {isa = PBXBuildFile; fileRef = E930118C2003661B00E454A6 /* ACBRadialScrollBar.swift */; };
		E93011932003661B00E454A6 /* ACBInternalRadialScrollBar.swift in Sources */ = {isa = PBXBuildFile; fileRef = E930118D2003661B00E454A6 /* ACBInternalRadialScrollBar.swift */; };
		E93011942003661B00E454A6 /* UICollectionView+ACBRadialCollectionView.swift in Sources */ = {isa = PBXBuildFile; fileRef = E930118F2003661B00E454A6 /* UICollectionView+ACBRadialCollectionView.swift */; };
		E93011952003661B00E454A6 /* UIScrollView+ACBRadialScrollBar.swift in Sources */ = {isa = PBXBuildFile; fileRef = E93011902003661B00E454A6 /* UIScrollView+ACBRadialScrollBar.swift */; };
		E93011962003662700E454A6 /* UICollectionView+ACBRadialCollectionView.swift in Sources */ = {isa = PBXBuildFile; fileRef = E930118F2003661B00E454A6 /* UICollectionView+ACBRadialCollectionView.swift */; };
		E93011972003662A00E454A6 /* UIScrollView+ACBRadialScrollBar.swift in Sources */ = {isa = PBXBuildFile; fileRef = E93011902003661B00E454A6 /* UIScrollView+ACBRadialScrollBar.swift */; };
		E93011982003662C00E454A6 /* ACBRadialCollectionViewLayout.swift in Sources */ = {isa = PBXBuildFile; fileRef = E930118A2003661B00E454A6 /* ACBRadialCollectionViewLayout.swift */; };
		E93011992003662E00E454A6 /* ACBRadialScrollBar.swift in Sources */ = {isa = PBXBuildFile; fileRef = E930118C2003661B00E454A6 /* ACBRadialScrollBar.swift */; };
		E930119A2003663100E454A6 /* ACBInternalRadialScrollBar.swift in Sources */ = {isa = PBXBuildFile; fileRef = E930118D2003661B00E454A6 /* ACBInternalRadialScrollBar.swift */; };
		E930119B2003665700E454A6 /* UICollectionView+ACBRadialCollectionView.swift in Headers */ = {isa = PBXBuildFile; fileRef = E930118F2003661B00E454A6 /* UICollectionView+ACBRadialCollectionView.swift */; settings = {ATTRIBUTES = (Public, ); }; };
		E930119C2003665700E454A6 /* UIScrollView+ACBRadialScrollBar.swift in Headers */ = {isa = PBXBuildFile; fileRef = E93011902003661B00E454A6 /* UIScrollView+ACBRadialScrollBar.swift */; settings = {ATTRIBUTES = (Public, ); }; };
		E9551FD81ED290B700DCA7C1 /* Main.storyboard in Resources */ = {isa = PBXBuildFile; fileRef = E9551FD61ED290B700DCA7C1 /* Main.storyboard */; };
		E9551FDA1ED290B700DCA7C1 /* Assets.xcassets in Resources */ = {isa = PBXBuildFile; fileRef = E9551FD91ED290B700DCA7C1 /* Assets.xcassets */; };
		E9551FDD1ED290B700DCA7C1 /* LaunchScreen.storyboard in Resources */ = {isa = PBXBuildFile; fileRef = E9551FDB1ED290B700DCA7C1 /* LaunchScreen.storyboard */; };
		E9551FF51ED2A0AF00DCA7C1 /* AppDelegate.swift in Sources */ = {isa = PBXBuildFile; fileRef = E9551FE91ED2A0AF00DCA7C1 /* AppDelegate.swift */; };
		E9551FF71ED2A0AF00DCA7C1 /* ACBViewController.swift in Sources */ = {isa = PBXBuildFile; fileRef = E9551FED1ED2A0AF00DCA7C1 /* ACBViewController.swift */; };
		E9551FF81ED2A0AF00DCA7C1 /* ACBCollectionViewCell.swift in Sources */ = {isa = PBXBuildFile; fileRef = E9551FEF1ED2A0AF00DCA7C1 /* ACBCollectionViewCell.swift */; };
/* End PBXBuildFile section */

/* Begin PBXContainerItemProxy section */
		E930116820035D9B00E454A6 /* PBXContainerItemProxy */ = {
			isa = PBXContainerItemProxy;
			containerPortal = E9551FC71ED290B700DCA7C1 /* Project object */;
			proxyType = 1;
			remoteGlobalIDString = E930115D20035D9B00E454A6;
			remoteInfo = ACBRadialCollectionViewFramework;
		};
		E930116A20035D9B00E454A6 /* PBXContainerItemProxy */ = {
			isa = PBXContainerItemProxy;
			containerPortal = E9551FC71ED290B700DCA7C1 /* Project object */;
			proxyType = 1;
			remoteGlobalIDString = E9551FCE1ED290B700DCA7C1;
			remoteInfo = ACBRadialCollectionView;
		};
		E930117120035D9B00E454A6 /* PBXContainerItemProxy */ = {
			isa = PBXContainerItemProxy;
			containerPortal = E9551FC71ED290B700DCA7C1 /* Project object */;
			proxyType = 1;
			remoteGlobalIDString = E930115D20035D9B00E454A6;
			remoteInfo = ACBRadialCollectionViewFramework;
		};
/* End PBXContainerItemProxy section */

/* Begin PBXCopyFilesBuildPhase section */
		E930117420035D9B00E454A6 /* Embed Frameworks */ = {
			isa = PBXCopyFilesBuildPhase;
			buildActionMask = 2147483647;
			dstPath = "";
			dstSubfolderSpec = 10;
			files = (
				E930117520035D9B00E454A6 /* ACBRadialCollectionView.framework in Embed Frameworks */,
			);
			name = "Embed Frameworks";
			runOnlyForDeploymentPostprocessing = 0;
		};
/* End PBXCopyFilesBuildPhase section */

/* Begin PBXFileReference section */
		E930115E20035D9B00E454A6 /* ACBRadialCollectionView.framework */ = {isa = PBXFileReference; explicitFileType = wrapper.framework; includeInIndex = 0; path = ACBRadialCollectionView.framework; sourceTree = BUILT_PRODUCTS_DIR; };
		E930116020035D9B00E454A6 /* ACBRadialCollectionViewFramework.h */ = {isa = PBXFileReference; lastKnownFileType = sourcecode.c.h; path = ACBRadialCollectionViewFramework.h; sourceTree = "<group>"; };
		E930116120035D9B00E454A6 /* Info.plist */ = {isa = PBXFileReference; lastKnownFileType = text.plist.xml; path = Info.plist; sourceTree = "<group>"; };
		E930116620035D9B00E454A6 /* ACBRadialCollectionViewFrameworkTests.xctest */ = {isa = PBXFileReference; explicitFileType = wrapper.cfbundle; includeInIndex = 0; path = ACBRadialCollectionViewFrameworkTests.xctest; sourceTree = BUILT_PRODUCTS_DIR; };
		E930116D20035D9B00E454A6 /* ACBRadialCollectionViewFrameworkTests.m */ = {isa = PBXFileReference; lastKnownFileType = sourcecode.c.objc; path = ACBRadialCollectionViewFrameworkTests.m; sourceTree = "<group>"; };
		E930116F20035D9B00E454A6 /* Info.plist */ = {isa = PBXFileReference; lastKnownFileType = text.plist.xml; path = Info.plist; sourceTree = "<group>"; };
		E930118A2003661B00E454A6 /* ACBRadialCollectionViewLayout.swift */ = {isa = PBXFileReference; fileEncoding = 4; lastKnownFileType = sourcecode.swift; path = ACBRadialCollectionViewLayout.swift; sourceTree = "<group>"; };
		E930118C2003661B00E454A6 /* ACBRadialScrollBar.swift */ = {isa = PBXFileReference; fileEncoding = 4; lastKnownFileType = sourcecode.swift; path = ACBRadialScrollBar.swift; sourceTree = "<group>"; };
		E930118D2003661B00E454A6 /* ACBInternalRadialScrollBar.swift */ = {isa = PBXFileReference; fileEncoding = 4; lastKnownFileType = sourcecode.swift; path = ACBInternalRadialScrollBar.swift; sourceTree = "<group>"; };
		E930118F2003661B00E454A6 /* UICollectionView+ACBRadialCollectionView.swift */ = {isa = PBXFileReference; fileEncoding = 4; lastKnownFileType = sourcecode.swift; path = "UICollectionView+ACBRadialCollectionView.swift"; sourceTree = "<group>"; };
		E93011902003661B00E454A6 /* UIScrollView+ACBRadialScrollBar.swift */ = {isa = PBXFileReference; fileEncoding = 4; lastKnownFileType = sourcecode.swift; path = "UIScrollView+ACBRadialScrollBar.swift"; sourceTree = "<group>"; };
		E9551FCF1ED290B700DCA7C1 /* ACBRadialCollectionView.app */ = {isa = PBXFileReference; explicitFileType = wrapper.application; includeInIndex = 0; path = ACBRadialCollectionView.app; sourceTree = BUILT_PRODUCTS_DIR; };
		E9551FD71ED290B700DCA7C1 /* Base */ = {isa = PBXFileReference; lastKnownFileType = file.storyboard; name = Base; path = Base.lproj/Main.storyboard; sourceTree = "<group>"; };
		E9551FD91ED290B700DCA7C1 /* Assets.xcassets */ = {isa = PBXFileReference; lastKnownFileType = folder.assetcatalog; path = Assets.xcassets; sourceTree = "<group>"; };
		E9551FDC1ED290B700DCA7C1 /* Base */ = {isa = PBXFileReference; lastKnownFileType = file.storyboard; name = Base; path = Base.lproj/LaunchScreen.storyboard; sourceTree = "<group>"; };
		E9551FDE1ED290B700DCA7C1 /* Info.plist */ = {isa = PBXFileReference; lastKnownFileType = text.plist.xml; path = Info.plist; sourceTree = "<group>"; };
		E9551FE91ED2A0AF00DCA7C1 /* AppDelegate.swift */ = {isa = PBXFileReference; fileEncoding = 4; lastKnownFileType = sourcecode.swift; path = AppDelegate.swift; sourceTree = "<group>"; };
		E9551FED1ED2A0AF00DCA7C1 /* ACBViewController.swift */ = {isa = PBXFileReference; fileEncoding = 4; lastKnownFileType = sourcecode.swift; path = ACBViewController.swift; sourceTree = "<group>"; };
		E9551FEF1ED2A0AF00DCA7C1 /* ACBCollectionViewCell.swift */ = {isa = PBXFileReference; fileEncoding = 4; lastKnownFileType = sourcecode.swift; path = ACBCollectionViewCell.swift; sourceTree = "<group>"; };
/* End PBXFileReference section */

/* Begin PBXFrameworksBuildPhase section */
		E930115A20035D9B00E454A6 /* Frameworks */ = {
			isa = PBXFrameworksBuildPhase;
			buildActionMask = 2147483647;
			files = (
			);
			runOnlyForDeploymentPostprocessing = 0;
		};
		E930116320035D9B00E454A6 /* Frameworks */ = {
			isa = PBXFrameworksBuildPhase;
			buildActionMask = 2147483647;
			files = (
				E930116720035D9B00E454A6 /* ACBRadialCollectionView.framework in Frameworks */,
			);
			runOnlyForDeploymentPostprocessing = 0;
		};
		E9551FCC1ED290B700DCA7C1 /* Frameworks */ = {
			isa = PBXFrameworksBuildPhase;
			buildActionMask = 2147483647;
			files = (
				E930117320035D9B00E454A6 /* ACBRadialCollectionView.framework in Frameworks */,
			);
			runOnlyForDeploymentPostprocessing = 0;
		};
/* End PBXFrameworksBuildPhase section */

/* Begin PBXGroup section */
		E930115F20035D9B00E454A6 /* ACBRadialCollectionViewFramework */ = {
			isa = PBXGroup;
			children = (
				E930116020035D9B00E454A6 /* ACBRadialCollectionViewFramework.h */,
				E930116120035D9B00E454A6 /* Info.plist */,
			);
			path = ACBRadialCollectionViewFramework;
			sourceTree = "<group>";
		};
		E930116C20035D9B00E454A6 /* ACBRadialCollectionViewFrameworkTests */ = {
			isa = PBXGroup;
			children = (
				E930116D20035D9B00E454A6 /* ACBRadialCollectionViewFrameworkTests.m */,
				E930116F20035D9B00E454A6 /* Info.plist */,
			);
			path = ACBRadialCollectionViewFrameworkTests;
			sourceTree = "<group>";
		};
		E9301188200365E000E454A6 /* Source */ = {
			isa = PBXGroup;
			children = (
				E930118E2003661B00E454A6 /* Extensions */,
				E93011892003661B00E454A6 /* Helper */,
				E930118B2003661B00E454A6 /* Views */,
			);
			path = Source;
			sourceTree = "<group>";
		};
		E93011892003661B00E454A6 /* Helper */ = {
			isa = PBXGroup;
			children = (
				E930118A2003661B00E454A6 /* ACBRadialCollectionViewLayout.swift */,
			);
			path = Helper;
			sourceTree = "<group>";
		};
		E930118B2003661B00E454A6 /* Views */ = {
			isa = PBXGroup;
			children = (
				E930118C2003661B00E454A6 /* ACBRadialScrollBar.swift */,
				E930118D2003661B00E454A6 /* ACBInternalRadialScrollBar.swift */,
			);
			path = Views;
			sourceTree = "<group>";
		};
		E930118E2003661B00E454A6 /* Extensions */ = {
			isa = PBXGroup;
			children = (
				E930118F2003661B00E454A6 /* UICollectionView+ACBRadialCollectionView.swift */,
				E93011902003661B00E454A6 /* UIScrollView+ACBRadialScrollBar.swift */,
			);
			path = Extensions;
			sourceTree = "<group>";
		};
		E9551FC61ED290B700DCA7C1 = {
			isa = PBXGroup;
			children = (
				E9551FD11ED290B700DCA7C1 /* ACBRadialCollectionView */,
				E930115F20035D9B00E454A6 /* ACBRadialCollectionViewFramework */,
				E930116C20035D9B00E454A6 /* ACBRadialCollectionViewFrameworkTests */,
				E9551FD01ED290B700DCA7C1 /* Products */,
			);
			sourceTree = "<group>";
		};
		E9551FD01ED290B700DCA7C1 /* Products */ = {
			isa = PBXGroup;
			children = (
				E9551FCF1ED290B700DCA7C1 /* ACBRadialCollectionView.app */,
				E930115E20035D9B00E454A6 /* ACBRadialCollectionView.framework */,
				E930116620035D9B00E454A6 /* ACBRadialCollectionViewFrameworkTests.xctest */,
			);
			name = Products;
			sourceTree = "<group>";
		};
		E9551FD11ED290B700DCA7C1 /* ACBRadialCollectionView */ = {
			isa = PBXGroup;
			children = (
				E9551FE41ED2A0AF00DCA7C1 /* Classes */,
				E9551FFC1ED2A0C400DCA7C1 /* Resources */,
			);
			path = ACBRadialCollectionView;
			sourceTree = "<group>";
		};
		E9551FE41ED2A0AF00DCA7C1 /* Classes */ = {
			isa = PBXGroup;
			children = (
				E9301188200365E000E454A6 /* Source */,
				E9551FE81ED2A0AF00DCA7C1 /* General */,
				E9551FEC1ED2A0AF00DCA7C1 /* Viewcontrollers */,
				E9551FEE1ED2A0AF00DCA7C1 /* Views */,
			);
			path = Classes;
			sourceTree = "<group>";
		};
		E9551FE81ED2A0AF00DCA7C1 /* General */ = {
			isa = PBXGroup;
			children = (
				E9551FE91ED2A0AF00DCA7C1 /* AppDelegate.swift */,
			);
			path = General;
			sourceTree = "<group>";
		};
		E9551FEC1ED2A0AF00DCA7C1 /* Viewcontrollers */ = {
			isa = PBXGroup;
			children = (
				E9551FED1ED2A0AF00DCA7C1 /* ACBViewController.swift */,
			);
			path = Viewcontrollers;
			sourceTree = "<group>";
		};
		E9551FEE1ED2A0AF00DCA7C1 /* Views */ = {
			isa = PBXGroup;
			children = (
				E9551FEF1ED2A0AF00DCA7C1 /* ACBCollectionViewCell.swift */,
			);
			path = Views;
			sourceTree = "<group>";
		};
		E9551FFC1ED2A0C400DCA7C1 /* Resources */ = {
			isa = PBXGroup;
			children = (
				E9551FD61ED290B700DCA7C1 /* Main.storyboard */,
				E9551FD91ED290B700DCA7C1 /* Assets.xcassets */,
				E9551FDB1ED290B700DCA7C1 /* LaunchScreen.storyboard */,
				E9551FDE1ED290B700DCA7C1 /* Info.plist */,
			);
			name = Resources;
			sourceTree = "<group>";
		};
/* End PBXGroup section */

/* Begin PBXHeadersBuildPhase section */
		E930115B20035D9B00E454A6 /* Headers */ = {
			isa = PBXHeadersBuildPhase;
			buildActionMask = 2147483647;
			files = (
				E930117020035D9B00E454A6 /* ACBRadialCollectionViewFramework.h in Headers */,
				E930119B2003665700E454A6 /* UICollectionView+ACBRadialCollectionView.swift in Headers */,
				E930119C2003665700E454A6 /* UIScrollView+ACBRadialScrollBar.swift in Headers */,
			);
			runOnlyForDeploymentPostprocessing = 0;
		};
/* End PBXHeadersBuildPhase section */

/* Begin PBXNativeTarget section */
		E930115D20035D9B00E454A6 /* ACBRadialCollectionViewFramework */ = {
			isa = PBXNativeTarget;
			buildConfigurationList = E930117620035D9B00E454A6 /* Build configuration list for PBXNativeTarget "ACBRadialCollectionViewFramework" */;
			buildPhases = (
				E930115920035D9B00E454A6 /* Sources */,
				E930115A20035D9B00E454A6 /* Frameworks */,
				E930115B20035D9B00E454A6 /* Headers */,
				E930115C20035D9B00E454A6 /* Resources */,
			);
			buildRules = (
			);
			dependencies = (
			);
			name = ACBRadialCollectionViewFramework;
			productName = ACBRadialCollectionViewFramework;
			productReference = E930115E20035D9B00E454A6 /* ACBRadialCollectionView.framework */;
			productType = "com.apple.product-type.framework";
		};
		E930116520035D9B00E454A6 /* ACBRadialCollectionViewFrameworkTests */ = {
			isa = PBXNativeTarget;
			buildConfigurationList = E930117920035D9B00E454A6 /* Build configuration list for PBXNativeTarget "ACBRadialCollectionViewFrameworkTests" */;
			buildPhases = (
				E930116220035D9B00E454A6 /* Sources */,
				E930116320035D9B00E454A6 /* Frameworks */,
				E930116420035D9B00E454A6 /* Resources */,
			);
			buildRules = (
			);
			dependencies = (
				E930116920035D9B00E454A6 /* PBXTargetDependency */,
				E930116B20035D9B00E454A6 /* PBXTargetDependency */,
			);
			name = ACBRadialCollectionViewFrameworkTests;
			productName = ACBRadialCollectionViewFrameworkTests;
			productReference = E930116620035D9B00E454A6 /* ACBRadialCollectionViewFrameworkTests.xctest */;
			productType = "com.apple.product-type.bundle.unit-test";
		};
		E9551FCE1ED290B700DCA7C1 /* ACBRadialCollectionView */ = {
			isa = PBXNativeTarget;
			buildConfigurationList = E9551FE11ED290B700DCA7C1 /* Build configuration list for PBXNativeTarget "ACBRadialCollectionView" */;
			buildPhases = (
				E9551FCB1ED290B700DCA7C1 /* Sources */,
				E9551FCC1ED290B700DCA7C1 /* Frameworks */,
				E9551FCD1ED290B700DCA7C1 /* Resources */,
				E930117420035D9B00E454A6 /* Embed Frameworks */,
			);
			buildRules = (
			);
			dependencies = (
				E930117220035D9B00E454A6 /* PBXTargetDependency */,
			);
			name = ACBRadialCollectionView;
			productName = ACBRadialCollectionView;
			productReference = E9551FCF1ED290B700DCA7C1 /* ACBRadialCollectionView.app */;
			productType = "com.apple.product-type.application";
		};
/* End PBXNativeTarget section */

/* Begin PBXProject section */
		E9551FC71ED290B700DCA7C1 /* Project object */ = {
			isa = PBXProject;
			attributes = {
				BuildIndependentTargetsInParallel = YES;
				LastSwiftUpdateCheck = 0830;
				LastUpgradeCheck = 1540;
				ORGANIZATIONNAME = akhil;
				TargetAttributes = {
					E930115D20035D9B00E454A6 = {
						CreatedOnToolsVersion = 9.2;
						ProvisioningStyle = Automatic;
					};
					E930116520035D9B00E454A6 = {
						CreatedOnToolsVersion = 9.2;
						ProvisioningStyle = Automatic;
						TestTargetID = E9551FCE1ED290B700DCA7C1;
					};
					E9551FCE1ED290B700DCA7C1 = {
						CreatedOnToolsVersion = 8.3.2;
						ProvisioningStyle = Automatic;
					};
				};
			};
			buildConfigurationList = E9551FCA1ED290B700DCA7C1 /* Build configuration list for PBXProject "ACBRadialCollectionView" */;
			compatibilityVersion = "Xcode 3.2";
			developmentRegion = English;
			hasScannedForEncodings = 0;
			knownRegions = (
				English,
				en,
				Base,
			);
			mainGroup = E9551FC61ED290B700DCA7C1;
			productRefGroup = E9551FD01ED290B700DCA7C1 /* Products */;
			projectDirPath = "";
			projectRoot = "";
			targets = (
				E9551FCE1ED290B700DCA7C1 /* ACBRadialCollectionView */,
				E930115D20035D9B00E454A6 /* ACBRadialCollectionViewFramework */,
				E930116520035D9B00E454A6 /* ACBRadialCollectionViewFrameworkTests */,
			);
		};
/* End PBXProject section */

/* Begin PBXResourcesBuildPhase section */
		E930115C20035D9B00E454A6 /* Resources */ = {
			isa = PBXResourcesBuildPhase;
			buildActionMask = 2147483647;
			files = (
			);
			runOnlyForDeploymentPostprocessing = 0;
		};
		E930116420035D9B00E454A6 /* Resources */ = {
			isa = PBXResourcesBuildPhase;
			buildActionMask = 2147483647;
			files = (
			);
			runOnlyForDeploymentPostprocessing = 0;
		};
		E9551FCD1ED290B700DCA7C1 /* Resources */ = {
			isa = PBXResourcesBuildPhase;
			buildActionMask = 2147483647;
			files = (
				E9551FDD1ED290B700DCA7C1 /* LaunchScreen.storyboard in Resources */,
				E9551FDA1ED290B700DCA7C1 /* Assets.xcassets in Resources */,
				E9551FD81ED290B700DCA7C1 /* Main.storyboard in Resources */,
			);
			runOnlyForDeploymentPostprocessing = 0;
		};
/* End PBXResourcesBuildPhase section */

/* Begin PBXSourcesBuildPhase section */
		E930115920035D9B00E454A6 /* Sources */ = {
			isa = PBXSourcesBuildPhase;
			buildActionMask = 2147483647;
			files = (
				E93011982003662C00E454A6 /* ACBRadialCollectionViewLayout.swift in Sources */,
				E930119A2003663100E454A6 /* ACBInternalRadialScrollBar.swift in Sources */,
				E93011972003662A00E454A6 /* UIScrollView+ACBRadialScrollBar.swift in Sources */,
				E93011992003662E00E454A6 /* ACBRadialScrollBar.swift in Sources */,
				E93011962003662700E454A6 /* UICollectionView+ACBRadialCollectionView.swift in Sources */,
			);
			runOnlyForDeploymentPostprocessing = 0;
		};
		E930116220035D9B00E454A6 /* Sources */ = {
			isa = PBXSourcesBuildPhase;
			buildActionMask = 2147483647;
			files = (
				E930116E20035D9B00E454A6 /* ACBRadialCollectionViewFrameworkTests.m in Sources */,
			);
			runOnlyForDeploymentPostprocessing = 0;
		};
		E9551FCB1ED290B700DCA7C1 /* Sources */ = {
			isa = PBXSourcesBuildPhase;
			buildActionMask = 2147483647;
			files = (
				E9551FF51ED2A0AF00DCA7C1 /* AppDelegate.swift in Sources */,
				E93011942003661B00E454A6 /* UICollectionView+ACBRadialCollectionView.swift in Sources */,
				E93011952003661B00E454A6 /* UIScrollView+ACBRadialScrollBar.swift in Sources */,
				E93011922003661B00E454A6 /* ACBRadialScrollBar.swift in Sources */,
				E93011932003661B00E454A6 /* ACBInternalRadialScrollBar.swift in Sources */,
				E9551FF81ED2A0AF00DCA7C1 /* ACBCollectionViewCell.swift in Sources */,
				E93011912003661B00E454A6 /* ACBRadialCollectionViewLayout.swift in Sources */,
				E9551FF71ED2A0AF00DCA7C1 /* ACBViewController.swift in Sources */,
			);
			runOnlyForDeploymentPostprocessing = 0;
		};
/* End PBXSourcesBuildPhase section */

/* Begin PBXTargetDependency section */
		E930116920035D9B00E454A6 /* PBXTargetDependency */ = {
			isa = PBXTargetDependency;
			target = E930115D20035D9B00E454A6 /* ACBRadialCollectionViewFramework */;
			targetProxy = E930116820035D9B00E454A6 /* PBXContainerItemProxy */;
		};
		E930116B20035D9B00E454A6 /* PBXTargetDependency */ = {
			isa = PBXTargetDependency;
			target = E9551FCE1ED290B700DCA7C1 /* ACBRadialCollectionView */;
			targetProxy = E930116A20035D9B00E454A6 /* PBXContainerItemProxy */;
		};
		E930117220035D9B00E454A6 /* PBXTargetDependency */ = {
			isa = PBXTargetDependency;
			target = E930115D20035D9B00E454A6 /* ACBRadialCollectionViewFramework */;
			targetProxy = E930117120035D9B00E454A6 /* PBXContainerItemProxy */;
		};
/* End PBXTargetDependency section */

/* Begin PBXVariantGroup section */
		E9551FD61ED290B700DCA7C1 /* Main.storyboard */ = {
			isa = PBXVariantGroup;
			children = (
				E9551FD71ED290B700DCA7C1 /* Base */,
			);
			name = Main.storyboard;
			sourceTree = "<group>";
		};
		E9551FDB1ED290B700DCA7C1 /* LaunchScreen.storyboard */ = {
			isa = PBXVariantGroup;
			children = (
				E9551FDC1ED290B700DCA7C1 /* Base */,
			);
			name = LaunchScreen.storyboard;
			sourceTree = "<group>";
		};
/* End PBXVariantGroup section */

/* Begin XCBuildConfiguration section */
		E930117720035D9B00E454A6 /* Debug */ = {
			isa = XCBuildConfiguration;
			buildSettings = {
				CLANG_CXX_LANGUAGE_STANDARD = "gnu++14";
				CLANG_WARN_BLOCK_CAPTURE_AUTORELEASING = YES;
				CLANG_WARN_COMMA = YES;
				CLANG_WARN_NON_LITERAL_NULL_CONVERSION = YES;
				CLANG_WARN_OBJC_LITERAL_CONVERSION = YES;
				CLANG_WARN_RANGE_LOOP_ANALYSIS = YES;
				CLANG_WARN_STRICT_PROTOTYPES = YES;
				CLANG_WARN_UNGUARDED_AVAILABILITY = YES_AGGRESSIVE;
				CODE_SIGN_IDENTITY = "";
				CODE_SIGN_STYLE = Automatic;
				CURRENT_PROJECT_VERSION = 1;
				DEFINES_MODULE = YES;
				DEVELOPMENT_TEAM = "";
				DYLIB_COMPATIBILITY_VERSION = 1;
				DYLIB_CURRENT_VERSION = 1;
				DYLIB_INSTALL_NAME_BASE = "@rpath";
				ENABLE_MODULE_VERIFIER = YES;
				GCC_C_LANGUAGE_STANDARD = gnu11;
				INFOPLIST_FILE = ACBRadialCollectionViewFramework/Info.plist;
				INSTALL_PATH = "$(LOCAL_LIBRARY_DIR)/Frameworks";
				IPHONEOS_DEPLOYMENT_TARGET = 14.0;
				LD_RUNPATH_SEARCH_PATHS = (
					"$(inherited)",
					"@executable_path/Frameworks",
					"@loader_path/Frameworks",
				);
				MODULE_VERIFIER_SUPPORTED_LANGUAGE_STANDARDS = "gnu11 gnu++14";
				PRODUCT_BUNDLE_IDENTIFIER = com.akhil.ACBRadialCollectionViewFramework;
				PRODUCT_NAME = ACBRadialCollectionView;
				SKIP_INSTALL = YES;
				SWIFT_VERSION = 5.0;
				TARGETED_DEVICE_FAMILY = "1,2";
				VERSIONING_SYSTEM = "apple-generic";
				VERSION_INFO_PREFIX = "";
			};
			name = Debug;
		};
		E930117820035D9B00E454A6 /* Release */ = {
			isa = XCBuildConfiguration;
			buildSettings = {
				CLANG_CXX_LANGUAGE_STANDARD = "gnu++14";
				CLANG_WARN_BLOCK_CAPTURE_AUTORELEASING = YES;
				CLANG_WARN_COMMA = YES;
				CLANG_WARN_NON_LITERAL_NULL_CONVERSION = YES;
				CLANG_WARN_OBJC_LITERAL_CONVERSION = YES;
				CLANG_WARN_RANGE_LOOP_ANALYSIS = YES;
				CLANG_WARN_STRICT_PROTOTYPES = YES;
				CLANG_WARN_UNGUARDED_AVAILABILITY = YES_AGGRESSIVE;
				CODE_SIGN_IDENTITY = "";
				CODE_SIGN_STYLE = Automatic;
				CURRENT_PROJECT_VERSION = 1;
				DEFINES_MODULE = YES;
				DEVELOPMENT_TEAM = "";
				DYLIB_COMPATIBILITY_VERSION = 1;
				DYLIB_CURRENT_VERSION = 1;
				DYLIB_INSTALL_NAME_BASE = "@rpath";
				ENABLE_MODULE_VERIFIER = YES;
				GCC_C_LANGUAGE_STANDARD = gnu11;
				INFOPLIST_FILE = ACBRadialCollectionViewFramework/Info.plist;
				INSTALL_PATH = "$(LOCAL_LIBRARY_DIR)/Frameworks";
				IPHONEOS_DEPLOYMENT_TARGET = 14.0;
				LD_RUNPATH_SEARCH_PATHS = (
					"$(inherited)",
					"@executable_path/Frameworks",
					"@loader_path/Frameworks",
				);
				MODULE_VERIFIER_SUPPORTED_LANGUAGE_STANDARDS = "gnu11 gnu++14";
				PRODUCT_BUNDLE_IDENTIFIER = com.akhil.ACBRadialCollectionViewFramework;
				PRODUCT_NAME = ACBRadialCollectionView;
				SKIP_INSTALL = YES;
				SWIFT_VERSION = 5.0;
				TARGETED_DEVICE_FAMILY = "1,2";
				VERSIONING_SYSTEM = "apple-generic";
				VERSION_INFO_PREFIX = "";
			};
			name = Release;
		};
		E930117A20035D9B00E454A6 /* Debug */ = {
			isa = XCBuildConfiguration;
			buildSettings = {
				ALWAYS_EMBED_SWIFT_STANDARD_LIBRARIES = YES;
				CLANG_CXX_LANGUAGE_STANDARD = "gnu++14";
				CLANG_WARN_BLOCK_CAPTURE_AUTORELEASING = YES;
				CLANG_WARN_COMMA = YES;
				CLANG_WARN_NON_LITERAL_NULL_CONVERSION = YES;
				CLANG_WARN_OBJC_LITERAL_CONVERSION = YES;
				CLANG_WARN_RANGE_LOOP_ANALYSIS = YES;
				CLANG_WARN_STRICT_PROTOTYPES = YES;
				CLANG_WARN_UNGUARDED_AVAILABILITY = YES_AGGRESSIVE;
				CODE_SIGN_IDENTITY = "iPhone Developer";
				CODE_SIGN_STYLE = Automatic;
				GCC_C_LANGUAGE_STANDARD = gnu11;
				INFOPLIST_FILE = ACBRadialCollectionViewFrameworkTests/Info.plist;
				IPHONEOS_DEPLOYMENT_TARGET = 14.0;
				LD_RUNPATH_SEARCH_PATHS = (
					"$(inherited)",
					"@executable_path/Frameworks",
					"@loader_path/Frameworks",
				);
				PRODUCT_BUNDLE_IDENTIFIER = com.akhil.ACBRadialCollectionViewFrameworkTests;
				PRODUCT_NAME = "$(TARGET_NAME)";
				TARGETED_DEVICE_FAMILY = "1,2";
				TEST_HOST = "$(BUILT_PRODUCTS_DIR)/ACBRadialCollectionView.app/ACBRadialCollectionView";
			};
			name = Debug;
		};
		E930117B20035D9B00E454A6 /* Release */ = {
			isa = XCBuildConfiguration;
			buildSettings = {
				ALWAYS_EMBED_SWIFT_STANDARD_LIBRARIES = YES;
				CLANG_CXX_LANGUAGE_STANDARD = "gnu++14";
				CLANG_WARN_BLOCK_CAPTURE_AUTORELEASING = YES;
				CLANG_WARN_COMMA = YES;
				CLANG_WARN_NON_LITERAL_NULL_CONVERSION = YES;
				CLANG_WARN_OBJC_LITERAL_CONVERSION = YES;
				CLANG_WARN_RANGE_LOOP_ANALYSIS = YES;
				CLANG_WARN_STRICT_PROTOTYPES = YES;
				CLANG_WARN_UNGUARDED_AVAILABILITY = YES_AGGRESSIVE;
				CODE_SIGN_IDENTITY = "iPhone Developer";
				CODE_SIGN_STYLE = Automatic;
				GCC_C_LANGUAGE_STANDARD = gnu11;
				INFOPLIST_FILE = ACBRadialCollectionViewFrameworkTests/Info.plist;
				IPHONEOS_DEPLOYMENT_TARGET = 14.0;
				LD_RUNPATH_SEARCH_PATHS = (
					"$(inherited)",
					"@executable_path/Frameworks",
					"@loader_path/Frameworks",
				);
				PRODUCT_BUNDLE_IDENTIFIER = com.akhil.ACBRadialCollectionViewFrameworkTests;
				PRODUCT_NAME = "$(TARGET_NAME)";
				TARGETED_DEVICE_FAMILY = "1,2";
				TEST_HOST = "$(BUILT_PRODUCTS_DIR)/ACBRadialCollectionView.app/ACBRadialCollectionView";
			};
			name = Release;
		};
		E9551FDF1ED290B700DCA7C1 /* Debug */ = {
			isa = XCBuildConfiguration;
			buildSettings = {
				ALWAYS_SEARCH_USER_PATHS = NO;
				CLANG_ANALYZER_LOCALIZABILITY_NONLOCALIZED = YES;
				CLANG_ANALYZER_NONNULL = YES;
				CLANG_ANALYZER_NUMBER_OBJECT_CONVERSION = YES_AGGRESSIVE;
				CLANG_CXX_LANGUAGE_STANDARD = "gnu++0x";
				CLANG_CXX_LIBRARY = "libc++";
				CLANG_ENABLE_MODULES = YES;
				CLANG_ENABLE_OBJC_ARC = YES;
				CLANG_WARN_BLOCK_CAPTURE_AUTORELEASING = YES;
				CLANG_WARN_BOOL_CONVERSION = YES;
				CLANG_WARN_COMMA = YES;
				CLANG_WARN_CONSTANT_CONVERSION = YES;
				CLANG_WARN_DEPRECATED_OBJC_IMPLEMENTATIONS = YES;
				CLANG_WARN_DIRECT_OBJC_ISA_USAGE = YES_ERROR;
				CLANG_WARN_DOCUMENTATION_COMMENTS = YES;
				CLANG_WARN_EMPTY_BODY = YES;
				CLANG_WARN_ENUM_CONVERSION = YES;
				CLANG_WARN_INFINITE_RECURSION = YES;
				CLANG_WARN_INT_CONVERSION = YES;
				CLANG_WARN_NON_LITERAL_NULL_CONVERSION = YES;
				CLANG_WARN_OBJC_IMPLICIT_RETAIN_SELF = YES;
				CLANG_WARN_OBJC_LITERAL_CONVERSION = YES;
				CLANG_WARN_OBJC_ROOT_CLASS = YES_ERROR;
				CLANG_WARN_QUOTED_INCLUDE_IN_FRAMEWORK_HEADER = YES;
				CLANG_WARN_RANGE_LOOP_ANALYSIS = YES;
				CLANG_WARN_STRICT_PROTOTYPES = YES;
				CLANG_WARN_SUSPICIOUS_MOVE = YES;
				CLANG_WARN_UNREACHABLE_CODE = YES;
				CLANG_WARN__DUPLICATE_METHOD_MATCH = YES;
				"CODE_SIGN_IDENTITY[sdk=iphoneos*]" = "iPhone Developer";
				COPY_PHASE_STRIP = NO;
				DEBUG_INFORMATION_FORMAT = dwarf;
				ENABLE_STRICT_OBJC_MSGSEND = YES;
				ENABLE_TESTABILITY = YES;
				ENABLE_USER_SCRIPT_SANDBOXING = YES;
				GCC_C_LANGUAGE_STANDARD = gnu99;
				GCC_DYNAMIC_NO_PIC = NO;
				GCC_NO_COMMON_BLOCKS = YES;
				GCC_OPTIMIZATION_LEVEL = 0;
				GCC_PREPROCESSOR_DEFINITIONS = (
					"DEBUG=1",
					"$(inherited)",
				);
				GCC_WARN_64_TO_32_BIT_CONVERSION = YES;
				GCC_WARN_ABOUT_RETURN_TYPE = YES_ERROR;
				GCC_WARN_UNDECLARED_SELECTOR = YES;
				GCC_WARN_UNINITIALIZED_AUTOS = YES_AGGRESSIVE;
				GCC_WARN_UNUSED_FUNCTION = YES;
				GCC_WARN_UNUSED_VARIABLE = YES;
				IPHONEOS_DEPLOYMENT_TARGET = 14.0;
				MTL_ENABLE_DEBUG_INFO = YES;
				ONLY_ACTIVE_ARCH = YES;
				SDKROOT = iphoneos;
				SWIFT_ACTIVE_COMPILATION_CONDITIONS = DEBUG;
				SWIFT_OPTIMIZATION_LEVEL = "-Onone";
				SWIFT_VERSION = 5.0;
				TARGETED_DEVICE_FAMILY = "1,2";
			};
			name = Debug;
		};
		E9551FE01ED290B700DCA7C1 /* Release */ = {
			isa = XCBuildConfiguration;
			buildSettings = {
				ALWAYS_SEARCH_USER_PATHS = NO;
				CLANG_ANALYZER_LOCALIZABILITY_NONLOCALIZED = YES;
				CLANG_ANALYZER_NONNULL = YES;
				CLANG_ANALYZER_NUMBER_OBJECT_CONVERSION = YES_AGGRESSIVE;
				CLANG_CXX_LANGUAGE_STANDARD = "gnu++0x";
				CLANG_CXX_LIBRARY = "libc++";
				CLANG_ENABLE_MODULES = YES;
				CLANG_ENABLE_OBJC_ARC = YES;
				CLANG_WARN_BLOCK_CAPTURE_AUTORELEASING = YES;
				CLANG_WARN_BOOL_CONVERSION = YES;
				CLANG_WARN_COMMA = YES;
				CLANG_WARN_CONSTANT_CONVERSION = YES;
				CLANG_WARN_DEPRECATED_OBJC_IMPLEMENTATIONS = YES;
				CLANG_WARN_DIRECT_OBJC_ISA_USAGE = YES_ERROR;
				CLANG_WARN_DOCUMENTATION_COMMENTS = YES;
				CLANG_WARN_EMPTY_BODY = YES;
				CLANG_WARN_ENUM_CONVERSION = YES;
				CLANG_WARN_INFINITE_RECURSION = YES;
				CLANG_WARN_INT_CONVERSION = YES;
				CLANG_WARN_NON_LITERAL_NULL_CONVERSION = YES;
				CLANG_WARN_OBJC_IMPLICIT_RETAIN_SELF = YES;
				CLANG_WARN_OBJC_LITERAL_CONVERSION = YES;
				CLANG_WARN_OBJC_ROOT_CLASS = YES_ERROR;
				CLANG_WARN_QUOTED_INCLUDE_IN_FRAMEWORK_HEADER = YES;
				CLANG_WARN_RANGE_LOOP_ANALYSIS = YES;
				CLANG_WARN_STRICT_PROTOTYPES = YES;
				CLANG_WARN_SUSPICIOUS_MOVE = YES;
				CLANG_WARN_UNREACHABLE_CODE = YES;
				CLANG_WARN__DUPLICATE_METHOD_MATCH = YES;
				"CODE_SIGN_IDENTITY[sdk=iphoneos*]" = "iPhone Developer";
				COPY_PHASE_STRIP = NO;
				DEBUG_INFORMATION_FORMAT = "dwarf-with-dsym";
				ENABLE_NS_ASSERTIONS = NO;
				ENABLE_STRICT_OBJC_MSGSEND = YES;
				ENABLE_USER_SCRIPT_SANDBOXING = YES;
				GCC_C_LANGUAGE_STANDARD = gnu99;
				GCC_NO_COMMON_BLOCKS = YES;
				GCC_WARN_64_TO_32_BIT_CONVERSION = YES;
				GCC_WARN_ABOUT_RETURN_TYPE = YES_ERROR;
				GCC_WARN_UNDECLARED_SELECTOR = YES;
				GCC_WARN_UNINITIALIZED_AUTOS = YES_AGGRESSIVE;
				GCC_WARN_UNUSED_FUNCTION = YES;
				GCC_WARN_UNUSED_VARIABLE = YES;
				IPHONEOS_DEPLOYMENT_TARGET = 14.0;
				MTL_ENABLE_DEBUG_INFO = NO;
				SDKROOT = iphoneos;
				SWIFT_COMPILATION_MODE = wholemodule;
				SWIFT_OPTIMIZATION_LEVEL = "-O";
				SWIFT_VERSION = 5.0;
				TARGETED_DEVICE_FAMILY = "1,2";
				VALIDATE_PRODUCT = YES;
			};
			name = Release;
		};
		E9551FE21ED290B700DCA7C1 /* Debug */ = {
			isa = XCBuildConfiguration;
			buildSettings = {
				ALWAYS_EMBED_SWIFT_STANDARD_LIBRARIES = YES;
				ASSETCATALOG_COMPILER_APPICON_NAME = AppIcon;
				CODE_SIGN_IDENTITY = "iPhone Developer";
				DEVELOPMENT_TEAM = "";
				INFOPLIST_FILE = ACBRadialCollectionView/Info.plist;
				LD_RUNPATH_SEARCH_PATHS = (
					"$(inherited)",
					"@executable_path/Frameworks",
				);
				PRODUCT_BUNDLE_IDENTIFIER = com.akhil.ACBRadialCollectionView;
				PRODUCT_NAME = "$(TARGET_NAME)";
				SWIFT_VERSION = 5.0;
			};
			name = Debug;
		};
		E9551FE31ED290B700DCA7C1 /* Release */ = {
			isa = XCBuildConfiguration;
			buildSettings = {
				ALWAYS_EMBED_SWIFT_STANDARD_LIBRARIES = YES;
				ASSETCATALOG_COMPILER_APPICON_NAME = AppIcon;
				CODE_SIGN_IDENTITY = "iPhone Developer";
				DEVELOPMENT_TEAM = "";
				INFOPLIST_FILE = ACBRadialCollectionView/Info.plist;
				LD_RUNPATH_SEARCH_PATHS = (
					"$(inherited)",
					"@executable_path/Frameworks",
				);
				PRODUCT_BUNDLE_IDENTIFIER = com.akhil.ACBRadialCollectionView;
				PRODUCT_NAME = "$(TARGET_NAME)";
				SWIFT_VERSION = 5.0;
			};
			name = Release;
		};
/* End XCBuildConfiguration section */

/* Begin XCConfigurationList section */
		E930117620035D9B00E454A6 /* Build configuration list for PBXNativeTarget "ACBRadialCollectionViewFramework" */ = {
			isa = XCConfigurationList;
			buildConfigurations = (
				E930117720035D9B00E454A6 /* Debug */,
				E930117820035D9B00E454A6 /* Release */,
			);
			defaultConfigurationIsVisible = 0;
			defaultConfigurationName = Release;
		};
		E930117920035D9B00E454A6 /* Build configuration list for PBXNativeTarget "ACBRadialCollectionViewFrameworkTests" */ = {
			isa = XCConfigurationList;
			buildConfigurations = (
				E930117A20035D9B00E454A6 /* Debug */,
				E930117B20035D9B00E454A6 /* Release */,
			);
			defaultConfigurationIsVisible = 0;
			defaultConfigurationName = Release;
		};
		E9551FCA1ED290B700DCA7C1 /* Build configuration list for PBXProject "ACBRadialCollectionView" */ = {
			isa = XCConfigurationList;
			buildConfigurations = (
				E9551FDF1ED290B700DCA7C1 /* Debug */,
				E9551FE01ED290B700DCA7C1 /* Release */,
			);
			defaultConfigurationIsVisible = 0;
			defaultConfigurationName = Release;
		};
		E9551FE11ED290B700DCA7C1 /* Build configuration list for PBXNativeTarget "ACBRadialCollectionView" */ = {
			isa = XCConfigurationList;
			buildConfigurations = (
				E9551FE21ED290B700DCA7C1 /* Debug */,
				E9551FE31ED290B700DCA7C1 /* Release */,
			);
			defaultConfigurationIsVisible = 0;
			defaultConfigurationName = Release;
		};
/* End XCConfigurationList section */
	};
	rootObject = E9551FC71ED290B700DCA7C1 /* Project object */;
}
